
Microsoft Visual Studio Solution File, Format Version 12.00
# Visual Studio Version 16
VisualStudioVersion = 16.0.29613.14
MinimumVisualStudioVersion = 10.0.40219.1
Project("{FAE04EC0-301F-11D3-BF4B-00C04F79EFBC}") = "UniversityClinicClassTests", "UniversityClinicClassTests.csproj", "{C7BCAF63-0411-46F4-8F79-32174CF2236B}"
EndProject
Project("{FAE04EC0-301F-11D3-BF4B-00C04F79EFBC}") = "UniversityClinicClass", "..\UniversityClinicClass\UniversityClinicClass.csproj", "{0D56F92D-D064-423F-A40F-45A151FFA0BC}"
EndProject
Project("{FAE04EC0-301F-11D3-BF4B-00C04F79EFBC}") = "PatiesntTest", "..\PatiesntTest\PatiesntTest.csproj", "{2A388BC5-DECA-403C-AD50-30431C5FB3AF}"
EndProject
Global
	GlobalSection(SolutionConfigurationPlatforms) = preSolution
		Debug|Any CPU = Debug|Any CPU
		Release|Any CPU = Release|Any CPU
	EndGlobalSection
	GlobalSection(ProjectConfigurationPlatforms) = postSolution
		{C7BCAF63-0411-46F4-8F79-32174CF2236B}.Debug|Any CPU.ActiveCfg = Debug|Any CPU
		{C7BCAF63-0411-46F4-8F79-32174CF2236B}.Debug|Any CPU.Build.0 = Debug|Any CPU
		{C7BCAF63-0411-46F4-8F79-32174CF2236B}.Release|Any CPU.ActiveCfg = Release|Any CPU
		{C7BCAF63-0411-46F4-8F79-32174CF2236B}.Release|Any CPU.Build.0 = Release|Any CPU
		{0D56F92D-D064-423F-A40F-45A151FFA0BC}.Debug|Any CPU.ActiveCfg = Debug|Any CPU
		{0D56F92D-D064-423F-A40F-45A151FFA0BC}.Debug|Any CPU.Build.0 = Debug|Any CPU
		{0D56F92D-D064-423F-A40F-45A151FFA0BC}.Release|Any CPU.ActiveCfg = Release|Any CPU
		{0D56F92D-D064-423F-A40F-45A151FFA0BC}.Release|Any CPU.Build.0 = Release|Any CPU
		{2A388BC5-DECA-403C-AD50-30431C5FB3AF}.Debug|Any CPU.ActiveCfg = Debug|Any CPU
		{2A388BC5-DECA-403C-AD50-30431C5FB3AF}.Debug|Any CPU.Build.0 = Debug|Any CPU
		{2A388BC5-DECA-403C-AD50-30431C5FB3AF}.Release|Any CPU.ActiveCfg = Release|Any CPU
		{2A388BC5-DECA-403C-AD50-30431C5FB3AF}.Release|Any CPU.Build.0 = Release|Any CPU
	EndGlobalSection
	GlobalSection(SolutionProperties) = preSolution
		HideSolutionNode = FALSE
	EndGlobalSection
	GlobalSection(ExtensibilityGlobals) = postSolution
		SolutionGuid = {5E897A12-2107-451C-87FD-910ACCCF0028}
	EndGlobalSection
EndGlobal
