
Microsoft Visual Studio Solution File, Format Version 12.00
# Visual Studio Version 16
VisualStudioVersion = 16.0.29613.14
MinimumVisualStudioVersion = 10.0.40219.1
Project("{9A19103F-16F7-4668-BE54-9A1E7A4F7556}") = "UniversityClinicClass", "UniversityClinicClass.csproj", "{0D56F92D-D064-423F-A40F-45A151FFA0BC}"
EndProject
Project("{FAE04EC0-301F-11D3-BF4B-00C04F79EFBC}") = "UniversityClinicClassTests", "..\UniversityClinicClassTests\UniversityClinicClassTests.csproj", "{1C63064C-B56E-4A2D-99B8-33D997673D02}"
EndProject
Global
	GlobalSection(SolutionConfigurationPlatforms) = preSolution
		Debug|Any CPU = Debug|Any CPU
		Release|Any CPU = Release|Any CPU
	EndGlobalSection
	GlobalSection(ProjectConfigurationPlatforms) = postSolution
		{0D56F92D-D064-423F-A40F-45A151FFA0BC}.Debug|Any CPU.ActiveCfg = Debug|Any CPU
		{0D56F92D-D064-423F-A40F-45A151FFA0BC}.Debug|Any CPU.Build.0 = Debug|Any CPU
		{0D56F92D-D064-423F-A40F-45A151FFA0BC}.Release|Any CPU.ActiveCfg = Release|Any CPU
		{0D56F92D-D064-423F-A40F-45A151FFA0BC}.Release|Any CPU.Build.0 = Release|Any CPU
		{1C63064C-B56E-4A2D-99B8-33D997673D02}.Debug|Any CPU.ActiveCfg = Debug|Any CPU
		{1C63064C-B56E-4A2D-99B8-33D997673D02}.Debug|Any CPU.Build.0 = Debug|Any CPU
		{1C63064C-B56E-4A2D-99B8-33D997673D02}.Release|Any CPU.ActiveCfg = Release|Any CPU
		{1C63064C-B56E-4A2D-99B8-33D997673D02}.Release|Any CPU.Build.0 = Release|Any CPU
	EndGlobalSection
	GlobalSection(SolutionProperties) = preSolution
		HideSolutionNode = FALSE
	EndGlobalSection
	GlobalSection(ExtensibilityGlobals) = postSolution
		SolutionGuid = {5E897A12-2107-451C-87FD-910ACCCF0028}
	EndGlobalSection
EndGlobal
